// !$*UTF8*$!
{
	archiveVersion = 1;
	classes = {
	};
	objectVersion = 77;
	objects = {

/* Begin PBXContainerItemProxy section */
		87449CE72E9EEF1900E5BFE7 /* PBXContainerItemProxy */ = {
			isa = PBXContainerItemProxy;
			containerPortal = 87449CCC2E9EEF1700E5BFE7 /* Project object */;
			proxyType = 1;
			remoteGlobalIDString = 87449CD32E9EEF1700E5BFE7;
			remoteInfo = CODADeveloperTest;
		};
		87449CF12E9EEF1900E5BFE7 /* PBXContainerItemProxy */ = {
			isa = PBXContainerItemProxy;
			containerPortal = 87449CCC2E9EEF1700E5BFE7 /* Project object */;
			proxyType = 1;
			remoteGlobalIDString = 87449CD32E9EEF1700E5BFE7;
			remoteInfo = CODADeveloperTest;
		};
/* End PBXContainerItemProxy section */

/* Begin PBXFileReference section */
		87449CD42E9EEF1700E5BFE7 /* CODADeveloperTest.app */ = {isa = PBXFileReference; explicitFileType = wrapper.application; includeInIndex = 0; path = CODADeveloperTest.app; sourceTree = BUILT_PRODUCTS_DIR; };
		87449CE62E9EEF1900E5BFE7 /* CODADeveloperTestTests.xctest */ = {isa = PBXFileReference; explicitFileType = wrapper.cfbundle; includeInIndex = 0; path = CODADeveloperTestTests.xctest; sourceTree = BUILT_PRODUCTS_DIR; };
		87449CF02E9EEF1900E5BFE7 /* CODADeveloperTestUITests.xctest */ = {isa = PBXFileReference; explicitFileType = wrapper.cfbundle; includeInIndex = 0; path = CODADeveloperTestUITests.xctest; sourceTree = BUILT_PRODUCTS_DIR; };
/* End PBXFileReference section */

/* Begin PBXFileSystemSynchronizedRootGroup section */
		87449CD62E9EEF1700E5BFE7 /* CODADeveloperTest */ = {
			isa = PBXFileSystemSynchronizedRootGroup;
			path = CODADeveloperTest;
			sourceTree = "<group>";
		};
		87449CE92E9EEF1900E5BFE7 /* CODADeveloperTestTests */ = {
			isa = PBXFileSystemSynchronizedRootGroup;
			path = CODADeveloperTestTests;
			sourceTree = "<group>";
		};
		87449CF32E9EEF1900E5BFE7 /* CODADeveloperTestUITests */ = {
			isa = PBXFileSystemSynchronizedRootGroup;
			path = CODADeveloperTestUITests;
			sourceTree = "<group>";
		};
/* End PBXFileSystemSynchronizedRootGroup section */

/* Begin PBXFrameworksBuildPhase section */
		87449CD12E9EEF1700E5BFE7 /* Frameworks */ = {
			isa = PBXFrameworksBuildPhase;
			buildActionMask = 2147483647;
			files = (
			);
			runOnlyForDeploymentPostprocessing = 0;
		};
		87449CE32E9EEF1900E5BFE7 /* Frameworks */ = {
			isa = PBXFrameworksBuildPhase;
			buildActionMask = 2147483647;
			files = (
			);
			runOnlyForDeploymentPostprocessing = 0;
		};
		87449CED2E9EEF1900E5BFE7 /* Frameworks */ = {
			isa = PBXFrameworksBuildPhase;
			buildActionMask = 2147483647;
			files = (
			);
			runOnlyForDeploymentPostprocessing = 0;
		};
/* End PBXFrameworksBuildPhase section */

/* Begin PBXGroup section */
		87449CCB2E9EEF1700E5BFE7 = {
			isa = PBXGroup;
			children = (
				87449CD62E9EEF1700E5BFE7 /* CODADeveloperTest */,
				87449CE92E9EEF1900E5BFE7 /* CODADeveloperTestTests */,
				87449CF32E9EEF1900E5BFE7 /* CODADeveloperTestUITests */,
				87449CD52E9EEF1700E5BFE7 /* Products */,
			);
			sourceTree = "<group>";
		};
		87449CD52E9EEF1700E5BFE7 /* Products */ = {
			isa = PBXGroup;
			children = (
				87449CD42E9EEF1700E5BFE7 /* CODADeveloperTest.app */,
				87449CE62E9EEF1900E5BFE7 /* CODADeveloperTestTests.xctest */,
				87449CF02E9EEF1900E5BFE7 /* CODADeveloperTestUITests.xctest */,
			);
			name = Products;
			sourceTree = "<group>";
		};
/* End PBXGroup section */

/* Begin PBXNativeTarget section */
		87449CD32E9EEF1700E5BFE7 /* CODADeveloperTest */ = {
			isa = PBXNativeTarget;
			buildConfigurationList = 87449CFA2E9EEF1900E5BFE7 /* Build configuration list for PBXNativeTarget "CODADeveloperTest" */;
			buildPhases = (
				87449CD02E9EEF1700E5BFE7 /* Sources */,
				87449CD12E9EEF1700E5BFE7 /* Frameworks */,
				87449CD22E9EEF1700E5BFE7 /* Resources */,
			);
			buildRules = (
			);
			dependencies = (
			);
			fileSystemSynchronizedGroups = (
				87449CD62E9EEF1700E5BFE7 /* CODADeveloperTest */,
			);
			name = CODADeveloperTest;
			packageProductDependencies = (
			);
			productName = CODADeveloperTest;
			productReference = 87449CD42E9EEF1700E5BFE7 /* CODADeveloperTest.app */;
			productType = "com.apple.product-type.application";
		};
		87449CE52E9EEF1900E5BFE7 /* CODADeveloperTestTests */ = {
			isa = PBXNativeTarget;
			buildConfigurationList = 87449CFD2E9EEF1900E5BFE7 /* Build configuration list for PBXNativeTarget "CODADeveloperTestTests" */;
			buildPhases = (
				87449CE22E9EEF1900E5BFE7 /* Sources */,
				87449CE32E9EEF1900E5BFE7 /* Frameworks */,
				87449CE42E9EEF1900E5BFE7 /* Resources */,
			);
			buildRules = (
			);
			dependencies = (
				87449CE82E9EEF1900E5BFE7 /* PBXTargetDependency */,
			);
			fileSystemSynchronizedGroups = (
				87449CE92E9EEF1900E5BFE7 /* CODADeveloperTestTests */,
			);
			name = CODADeveloperTestTests;
			packageProductDependencies = (
			);
			productName = CODADeveloperTestTests;
			productReference = 87449CE62E9EEF1900E5BFE7 /* CODADeveloperTestTests.xctest */;
			productType = "com.apple.product-type.bundle.unit-test";
		};
		87449CEF2E9EEF1900E5BFE7 /* CODADeveloperTestUITests */ = {
			isa = PBXNativeTarget;
			buildConfigurationList = 87449D002E9EEF1900E5BFE7 /* Build configuration list for PBXNativeTarget "CODADeveloperTestUITests" */;
			buildPhases = (
				87449CEC2E9EEF1900E5BFE7 /* Sources */,
				87449CED2E9EEF1900E5BFE7 /* Frameworks */,
				87449CEE2E9EEF1900E5BFE7 /* Resources */,
			);
			buildRules = (
			);
			dependencies = (
				87449CF22E9EEF1900E5BFE7 /* PBXTargetDependency */,
			);
			fileSystemSynchronizedGroups = (
				87449CF32E9EEF1900E5BFE7 /* CODADeveloperTestUITests */,
			);
			name = CODADeveloperTestUITests;
			packageProductDependencies = (
			);
			productName = CODADeveloperTestUITests;
			productReference = 87449CF02E9EEF1900E5BFE7 /* CODADeveloperTestUITests.xctest */;
			productType = "com.apple.product-type.bundle.ui-testing";
		};
/* End PBXNativeTarget section */

/* Begin PBXProject section */
		87449CCC2E9EEF1700E5BFE7 /* Project object */ = {
			isa = PBXProject;
			attributes = {
				BuildIndependentTargetsInParallel = 1;
				LastSwiftUpdateCheck = 2600;
				LastUpgradeCheck = 2600;
				TargetAttributes = {
					87449CD32E9EEF1700E5BFE7 = {
						CreatedOnToolsVersion = 26.0;
					};
					87449CE52E9EEF1900E5BFE7 = {
						CreatedOnToolsVersion = 26.0;
						TestTargetID = 87449CD32E9EEF1700E5BFE7;
					};
					87449CEF2E9EEF1900E5BFE7 = {
						CreatedOnToolsVersion = 26.0;
						TestTargetID = 87449CD32E9EEF1700E5BFE7;
					};
				};
			};
			buildConfigurationList = 87449CCF2E9EEF1700E5BFE7 /* Build configuration list for PBXProject "CODADeveloperTest" */;
			developmentRegion = en;
			hasScannedForEncodings = 0;
			knownRegions = (
				en,
				Base,
			);
			mainGroup = 87449CCB2E9EEF1700E5BFE7;
			minimizedProjectReferenceProxies = 1;
			preferredProjectObjectVersion = 77;
			productRefGroup = 87449CD52E9EEF1700E5BFE7 /* Products */;
			projectDirPath = "";
			projectRoot = "";
			targets = (
				87449CD32E9EEF1700E5BFE7 /* CODADeveloperTest */,
				87449CE52E9EEF1900E5BFE7 /* CODADeveloperTestTests */,
				87449CEF2E9EEF1900E5BFE7 /* CODADeveloperTestUITests */,
			);
		};
/* End PBXProject section */

/* Begin PBXResourcesBuildPhase section */
		87449CD22E9EEF1700E5BFE7 /* Resources */ = {
			isa = PBXResourcesBuildPhase;
			buildActionMask = 2147483647;
			files = (
			);
			runOnlyForDeploymentPostprocessing = 0;
		};
		87449CE42E9EEF1900E5BFE7 /* Resources */ = {
			isa = PBXResourcesBuildPhase;
			buildActionMask = 2147483647;
			files = (
			);
			runOnlyForDeploymentPostprocessing = 0;
		};
		87449CEE2E9EEF1900E5BFE7 /* Resources */ = {
			isa = PBXResourcesBuildPhase;
			buildActionMask = 2147483647;
			files = (
			);
			runOnlyForDeploymentPostprocessing = 0;
		};
/* End PBXResourcesBuildPhase section */

/* Begin PBXSourcesBuildPhase section */
		87449CD02E9EEF1700E5BFE7 /* Sources */ = {
			isa = PBXSourcesBuildPhase;
			buildActionMask = 2147483647;
			files = (
			);
			runOnlyForDeploymentPostprocessing = 0;
		};
		87449CE22E9EEF1900E5BFE7 /* Sources */ = {
			isa = PBXSourcesBuildPhase;
			buildActionMask = 2147483647;
			files = (
			);
			runOnlyForDeploymentPostprocessing = 0;
		};
		87449CEC2E9EEF1900E5BFE7 /* Sources */ = {
			isa = PBXSourcesBuildPhase;
			buildActionMask = 2147483647;
			files = (
			);
			runOnlyForDeploymentPostprocessing = 0;
		};
/* End PBXSourcesBuildPhase section */

/* Begin PBXTargetDependency section */
		87449CE82E9EEF1900E5BFE7 /* PBXTargetDependency */ = {
			isa = PBXTargetDependency;
			target = 87449CD32E9EEF1700E5BFE7 /* CODADeveloperTest */;
			targetProxy = 87449CE72E9EEF1900E5BFE7 /* PBXContainerItemProxy */;
		};
		87449CF22E9EEF1900E5BFE7 /* PBXTargetDependency */ = {
			isa = PBXTargetDependency;
			target = 87449CD32E9EEF1700E5BFE7 /* CODADeveloperTest */;
			targetProxy = 87449CF12E9EEF1900E5BFE7 /* PBXContainerItemProxy */;
		};
/* End PBXTargetDependency section */

/* Begin XCBuildConfiguration section */
		87449CF82E9EEF1900E5BFE7 /* Debug */ = {
			isa = XCBuildConfiguration;
			buildSettings = {
				ALWAYS_SEARCH_USER_PATHS = NO;
				ASSETCATALOG_COMPILER_GENERATE_SWIFT_ASSET_SYMBOL_EXTENSIONS = YES;
				CLANG_ANALYZER_NONNULL = YES;
				CLANG_ANALYZER_NUMBER_OBJECT_CONVERSION = YES_AGGRESSIVE;
				CLANG_CXX_LANGUAGE_STANDARD = "gnu++20";
				CLANG_ENABLE_MODULES = YES;
				CLANG_ENABLE_OBJC_ARC = YES;
				CLANG_ENABLE_OBJC_WEAK = YES;
				CLANG_WARN_BLOCK_CAPTURE_AUTORELEASING = YES;
				CLANG_WARN_BOOL_CONVERSION = YES;
				CLANG_WARN_COMMA = YES;
				CLANG_WARN_CONSTANT_CONVERSION = YES;
				CLANG_WARN_DEPRECATED_OBJC_IMPLEMENTATIONS = YES;
				CLANG_WARN_DIRECT_OBJC_ISA_USAGE = YES_ERROR;
				CLANG_WARN_DOCUMENTATION_COMMENTS = YES;
				CLANG_WARN_EMPTY_BODY = YES;
				CLANG_WARN_ENUM_CONVERSION = YES;
				CLANG_WARN_INFINITE_RECURSION = YES;
				CLANG_WARN_INT_CONVERSION = YES;
				CLANG_WARN_NON_LITERAL_NULL_CONVERSION = YES;
				CLANG_WARN_OBJC_IMPLICIT_RETAIN_SELF = YES;
				CLANG_WARN_OBJC_LITERAL_CONVERSION = YES;
				CLANG_WARN_OBJC_ROOT_CLASS = YES_ERROR;
				CLANG_WARN_QUOTED_INCLUDE_IN_FRAMEWORK_HEADER = YES;
				CLANG_WARN_RANGE_LOOP_ANALYSIS = YES;
				CLANG_WARN_STRICT_PROTOTYPES = YES;
				CLANG_WARN_SUSPICIOUS_MOVE = YES;
				CLANG_WARN_UNGUARDED_AVAILABILITY = YES_AGGRESSIVE;
				CLANG_WARN_UNREACHABLE_CODE = YES;
				CLANG_WARN__DUPLICATE_METHOD_MATCH = YES;
				COPY_PHASE_STRIP = NO;
				DEBUG_INFORMATION_FORMAT = dwarf;
				DEVELOPMENT_TEAM = 7FT82UKUAX;
				ENABLE_STRICT_OBJC_MSGSEND = YES;
				ENABLE_TESTABILITY = YES;
				ENABLE_USER_SCRIPT_SANDBOXING = YES;
				GCC_C_LANGUAGE_STANDARD = gnu17;
				GCC_DYNAMIC_NO_PIC = NO;
				GCC_NO_COMMON_BLOCKS = YES;
				GCC_OPTIMIZATION_LEVEL = 0;
				GCC_PREPROCESSOR_DEFINITIONS = (
					"DEBUG=1",
					"$(inherited)",
				);
				GCC_WARN_64_TO_32_BIT_CONVERSION = YES;
				GCC_WARN_ABOUT_RETURN_TYPE = YES_ERROR;
				GCC_WARN_UNDECLARED_SELECTOR = YES;
				GCC_WARN_UNINITIALIZED_AUTOS = YES_AGGRESSIVE;
				GCC_WARN_UNUSED_FUNCTION = YES;
				GCC_WARN_UNUSED_VARIABLE = YES;
				IPHONEOS_DEPLOYMENT_TARGET = 26.0;
				LOCALIZATION_PREFERS_STRING_CATALOGS = YES;
				MTL_ENABLE_DEBUG_INFO = INCLUDE_SOURCE;
				MTL_FAST_MATH = YES;
				ONLY_ACTIVE_ARCH = YES;
				SDKROOT = iphoneos;
				SWIFT_ACTIVE_COMPILATION_CONDITIONS = "DEBUG $(inherited)";
				SWIFT_OPTIMIZATION_LEVEL = "-Onone";
			};
			name = Debug;
		};
		87449CF92E9EEF1900E5BFE7 /* Release */ = {
			isa = XCBuildConfiguration;
			buildSettings = {
				ALWAYS_SEARCH_USER_PATHS = NO;
				ASSETCATALOG_COMPILER_GENERATE_SWIFT_ASSET_SYMBOL_EXTENSIONS = YES;
				CLANG_ANALYZER_NONNULL = YES;
				CLANG_ANALYZER_NUMBER_OBJECT_CONVERSION = YES_AGGRESSIVE;
				CLANG_CXX_LANGUAGE_STANDARD = "gnu++20";
				CLANG_ENABLE_MODULES = YES;
				CLANG_ENABLE_OBJC_ARC = YES;
				CLANG_ENABLE_OBJC_WEAK = YES;
				CLANG_WARN_BLOCK_CAPTURE_AUTORELEASING = YES;
				CLANG_WARN_BOOL_CONVERSION = YES;
				CLANG_WARN_COMMA = YES;
				CLANG_WARN_CONSTANT_CONVERSION = YES;
				CLANG_WARN_DEPRECATED_OBJC_IMPLEMENTATIONS = YES;
				CLANG_WARN_DIRECT_OBJC_ISA_USAGE = YES_ERROR;
				CLANG_WARN_DOCUMENTATION_COMMENTS = YES;
				CLANG_WARN_EMPTY_BODY = YES;
				CLANG_WARN_ENUM_CONVERSION = YES;
				CLANG_WARN_INFINITE_RECURSION = YES;
				CLANG_WARN_INT_CONVERSION = YES;
				CLANG_WARN_NON_LITERAL_NULL_CONVERSION = YES;
				CLANG_WARN_OBJC_IMPLICIT_RETAIN_SELF = YES;
				CLANG_WARN_OBJC_LITERAL_CONVERSION = YES;
				CLANG_WARN_OBJC_ROOT_CLASS = YES_ERROR;
				CLANG_WARN_QUOTED_INCLUDE_IN_FRAMEWORK_HEADER = YES;
				CLANG_WARN_RANGE_LOOP_ANALYSIS = YES;
				CLANG_WARN_STRICT_PROTOTYPES = YES;
				CLANG_WARN_SUSPICIOUS_MOVE = YES;
				CLANG_WARN_UNGUARDED_AVAILABILITY = YES_AGGRESSIVE;
				CLANG_WARN_UNREACHABLE_CODE = YES;
				CLANG_WARN__DUPLICATE_METHOD_MATCH = YES;
				COPY_PHASE_STRIP = NO;
				DEBUG_INFORMATION_FORMAT = "dwarf-with-dsym";
				DEVELOPMENT_TEAM = 7FT82UKUAX;
				ENABLE_NS_ASSERTIONS = NO;
				ENABLE_STRICT_OBJC_MSGSEND = YES;
				ENABLE_USER_SCRIPT_SANDBOXING = YES;
				GCC_C_LANGUAGE_STANDARD = gnu17;
				GCC_NO_COMMON_BLOCKS = YES;
				GCC_WARN_64_TO_32_BIT_CONVERSION = YES;
				GCC_WARN_ABOUT_RETURN_TYPE = YES_ERROR;
				GCC_WARN_UNDECLARED_SELECTOR = YES;
				GCC_WARN_UNINITIALIZED_AUTOS = YES_AGGRESSIVE;
				GCC_WARN_UNUSED_FUNCTION = YES;
				GCC_WARN_UNUSED_VARIABLE = YES;
				IPHONEOS_DEPLOYMENT_TARGET = 26.0;
				LOCALIZATION_PREFERS_STRING_CATALOGS = YES;
				MTL_ENABLE_DEBUG_INFO = NO;
				MTL_FAST_MATH = YES;
				SDKROOT = iphoneos;
				SWIFT_COMPILATION_MODE = wholemodule;
				VALIDATE_PRODUCT = YES;
			};
			name = Release;
		};
		87449CFB2E9EEF1900E5BFE7 /* Debug */ = {
			isa = XCBuildConfiguration;
			buildSettings = {
				ASSETCATALOG_COMPILER_APPICON_NAME = AppIcon;
				ASSETCATALOG_COMPILER_GLOBAL_ACCENT_COLOR_NAME = AccentColor;
				CODE_SIGN_STYLE = Automatic;
				CURRENT_PROJECT_VERSION = 1;
				DEVELOPMENT_TEAM = 7FT82UKUAX;
				ENABLE_PREVIEWS = YES;
				GENERATE_INFOPLIST_FILE = YES;
				INFOPLIST_KEY_UIApplicationSceneManifest_Generation = YES;
				INFOPLIST_KEY_UIApplicationSupportsIndirectInputEvents = YES;
				INFOPLIST_KEY_UILaunchScreen_Generation = YES;
				INFOPLIST_KEY_UISupportedInterfaceOrientations_iPad = "UIInterfaceOrientationPortrait UIInterfaceOrientationPortraitUpsideDown UIInterfaceOrientationLandscapeLeft UIInterfaceOrientationLandscapeRight";
				INFOPLIST_KEY_UISupportedInterfaceOrientations_iPhone = "UIInterfaceOrientationPortrait UIInterfaceOrientationLandscapeLeft UIInterfaceOrientationLandscapeRight";
				LD_RUNPATH_SEARCH_PATHS = (
					"$(inherited)",
					"@executable_path/Frameworks",
				);
				MARKETING_VERSION = 1.0;
				PRODUCT_BUNDLE_IDENTIFIER = com.dickie.CODADeveloperTest;
				PRODUCT_NAME = "$(TARGET_NAME)";
				STRING_CATALOG_GENERATE_SYMBOLS = YES;
				SWIFT_APPROACHABLE_CONCURRENCY = YES;
				SWIFT_DEFAULT_ACTOR_ISOLATION = MainActor;
				SWIFT_EMIT_LOC_STRINGS = YES;
				SWIFT_UPCOMING_FEATURE_MEMBER_IMPORT_VISIBILITY = YES;
				SWIFT_VERSION = 5.0;
				TARGETED_DEVICE_FAMILY = "1,2";
			};
			name = Debug;
		};
		87449CFC2E9EEF1900E5BFE7 /* Release */ = {
			isa = XCBuildConfiguration;
			buildSettings = {
				ASSETCATALOG_COMPILER_APPICON_NAME = AppIcon;
				ASSETCATALOG_COMPILER_GLOBAL_ACCENT_COLOR_NAME = AccentColor;
				CODE_SIGN_STYLE = Automatic;
				CURRENT_PROJECT_VERSION = 1;
				DEVELOPMENT_TEAM = 7FT82UKUAX;
				ENABLE_PREVIEWS = YES;
				GENERATE_INFOPLIST_FILE = YES;
				INFOPLIST_KEY_UIApplicationSceneManifest_Generation = YES;
				INFOPLIST_KEY_UIApplicationSupportsIndirectInputEvents = YES;
				INFOPLIST_KEY_UILaunchScreen_Generation = YES;
				INFOPLIST_KEY_UISupportedInterfaceOrientations_iPad = "UIInterfaceOrientationPortrait UIInterfaceOrientationPortraitUpsideDown UIInterfaceOrientationLandscapeLeft UIInterfaceOrientationLandscapeRight";
				INFOPLIST_KEY_UISupportedInterfaceOrientations_iPhone = "UIInterfaceOrientationPortrait UIInterfaceOrientationLandscapeLeft UIInterfaceOrientationLandscapeRight";
				LD_RUNPATH_SEARCH_PATHS = (
					"$(inherited)",
					"@executable_path/Frameworks",
				);
				MARKETING_VERSION = 1.0;
				PRODUCT_BUNDLE_IDENTIFIER = com.dickie.CODADeveloperTest;
				PRODUCT_NAME = "$(TARGET_NAME)";
				STRING_CATALOG_GENERATE_SYMBOLS = YES;
				SWIFT_APPROACHABLE_CONCURRENCY = YES;
				SWIFT_DEFAULT_ACTOR_ISOLATION = MainActor;
				SWIFT_EMIT_LOC_STRINGS = YES;
				SWIFT_UPCOMING_FEATURE_MEMBER_IMPORT_VISIBILITY = YES;
				SWIFT_VERSION = 5.0;
				TARGETED_DEVICE_FAMILY = "1,2";
			};
			name = Release;
		};
		87449CFE2E9EEF1900E5BFE7 /* Debug */ = {
			isa = XCBuildConfiguration;
			buildSettings = {
				BUNDLE_LOADER = "$(TEST_HOST)";
				CODE_SIGN_STYLE = Automatic;
				CURRENT_PROJECT_VERSION = 1;
				DEVELOPMENT_TEAM = 7FT82UKUAX;
				GENERATE_INFOPLIST_FILE = YES;
				IPHONEOS_DEPLOYMENT_TARGET = 26.0;
				MARKETING_VERSION = 1.0;
				PRODUCT_BUNDLE_IDENTIFIER = com.dickie.CODADeveloperTestTests;
				PRODUCT_NAME = "$(TARGET_NAME)";
				STRING_CATALOG_GENERATE_SYMBOLS = NO;
				SWIFT_APPROACHABLE_CONCURRENCY = YES;
				SWIFT_EMIT_LOC_STRINGS = NO;
				SWIFT_UPCOMING_FEATURE_MEMBER_IMPORT_VISIBILITY = YES;
				SWIFT_VERSION = 5.0;
				TARGETED_DEVICE_FAMILY = "1,2";
				TEST_HOST = "$(BUILT_PRODUCTS_DIR)/CODADeveloperTest.app/$(BUNDLE_EXECUTABLE_FOLDER_PATH)/CODADeveloperTest";
			};
			name = Debug;
		};
		87449CFF2E9EEF1900E5BFE7 /* Release */ = {
			isa = XCBuildConfiguration;
			buildSettings = {
				BUNDLE_LOADER = "$(TEST_HOST)";
				CODE_SIGN_STYLE = Automatic;
				CURRENT_PROJECT_VERSION = 1;
				DEVELOPMENT_TEAM = 7FT82UKUAX;
				GENERATE_INFOPLIST_FILE = YES;
				IPHONEOS_DEPLOYMENT_TARGET = 26.0;
				MARKETING_VERSION = 1.0;
				PRODUCT_BUNDLE_IDENTIFIER = com.dickie.CODADeveloperTestTests;
				PRODUCT_NAME = "$(TARGET_NAME)";
				STRING_CATALOG_GENERATE_SYMBOLS = NO;
				SWIFT_APPROACHABLE_CONCURRENCY = YES;
				SWIFT_EMIT_LOC_STRINGS = NO;
				SWIFT_UPCOMING_FEATURE_MEMBER_IMPORT_VISIBILITY = YES;
				SWIFT_VERSION = 5.0;
				TARGETED_DEVICE_FAMILY = "1,2";
				TEST_HOST = "$(BUILT_PRODUCTS_DIR)/CODADeveloperTest.app/$(BUNDLE_EXECUTABLE_FOLDER_PATH)/CODADeveloperTest";
			};
			name = Release;
		};
		87449D012E9EEF1900E5BFE7 /* Debug */ = {
			isa = XCBuildConfiguration;
			buildSettings = {
				CODE_SIGN_STYLE = Automatic;
				CURRENT_PROJECT_VERSION = 1;
				DEVELOPMENT_TEAM = 7FT82UKUAX;
				GENERATE_INFOPLIST_FILE = YES;
				MARKETING_VERSION = 1.0;
				PRODUCT_BUNDLE_IDENTIFIER = com.dickie.CODADeveloperTestUITests;
				PRODUCT_NAME = "$(TARGET_NAME)";
				STRING_CATALOG_GENERATE_SYMBOLS = NO;
				SWIFT_APPROACHABLE_CONCURRENCY = YES;
				SWIFT_EMIT_LOC_STRINGS = NO;
				SWIFT_UPCOMING_FEATURE_MEMBER_IMPORT_VISIBILITY = YES;
				SWIFT_VERSION = 5.0;
				TARGETED_DEVICE_FAMILY = "1,2";
				TEST_TARGET_NAME = CODADeveloperTest;
			};
			name = Debug;
		};
		87449D022E9EEF1900E5BFE7 /* Release */ = {
			isa = XCBuildConfiguration;
			buildSettings = {
				CODE_SIGN_STYLE = Automatic;
				CURRENT_PROJECT_VERSION = 1;
				DEVELOPMENT_TEAM = 7FT82UKUAX;
				GENERATE_INFOPLIST_FILE = YES;
				MARKETING_VERSION = 1.0;
				PRODUCT_BUNDLE_IDENTIFIER = com.dickie.CODADeveloperTestUITests;
				PRODUCT_NAME = "$(TARGET_NAME)";
				STRING_CATALOG_GENERATE_SYMBOLS = NO;
				SWIFT_APPROACHABLE_CONCURRENCY = YES;
				SWIFT_EMIT_LOC_STRINGS = NO;
				SWIFT_UPCOMING_FEATURE_MEMBER_IMPORT_VISIBILITY = YES;
				SWIFT_VERSION = 5.0;
				TARGETED_DEVICE_FAMILY = "1,2";
				TEST_TARGET_NAME = CODADeveloperTest;
			};
			name = Release;
		};
/* End XCBuildConfiguration section */

/* Begin XCConfigurationList section */
		87449CCF2E9EEF1700E5BFE7 /* Build configuration list for PBXProject "CODADeveloperTest" */ = {
			isa = XCConfigurationList;
			buildConfigurations = (
				87449CF82E9EEF1900E5BFE7 /* Debug */,
				87449CF92E9EEF1900E5BFE7 /* Release */,
			);
			defaultConfigurationIsVisible = 0;
			defaultConfigurationName = Release;
		};
		87449CFA2E9EEF1900E5BFE7 /* Build configuration list for PBXNativeTarget "CODADeveloperTest" */ = {
			isa = XCConfigurationList;
			buildConfigurations = (
				87449CFB2E9EEF1900E5BFE7 /* Debug */,
				87449CFC2E9EEF1900E5BFE7 /* Release */,
			);
			defaultConfigurationIsVisible = 0;
			defaultConfigurationName = Release;
		};
		87449CFD2E9EEF1900E5BFE7 /* Build configuration list for PBXNativeTarget "CODADeveloperTestTests" */ = {
			isa = XCConfigurationList;
			buildConfigurations = (
				87449CFE2E9EEF1900E5BFE7 /* Debug */,
				87449CFF2E9EEF1900E5BFE7 /* Release */,
			);
			defaultConfigurationIsVisible = 0;
			defaultConfigurationName = Release;
		};
		87449D002E9EEF1900E5BFE7 /* Build configuration list for PBXNativeTarget "CODADeveloperTestUITests" */ = {
			isa = XCConfigurationList;
			buildConfigurations = (
				87449D012E9EEF1900E5BFE7 /* Debug */,
				87449D022E9EEF1900E5BFE7 /* Release */,
			);
			defaultConfigurationIsVisible = 0;
			defaultConfigurationName = Release;
		};
/* End XCConfigurationList section */
	};
	rootObject = 87449CCC2E9EEF1700E5BFE7 /* Project object */;
}
